# This file was autogenerated by Stack.
# You should not edit this file by hand.
# For more information, please see the documentation at:
#   https://docs.haskellstack.org/en/stable/lock_files

packages:
- completed:
    hackage: morpheus-graphql-0.19.0@sha256:1ab41a531712d88c6c7212f787b7c9d0cc69419ae6bd2d23c582a1ce2a6b339d,36111
    pantry-tree:
      size: 51574
      sha256: d74c48b7f50e076fa5c96239421cf866ab026432dd46d71ed58400a41ce61eb9
  original:
    hackage: morpheus-graphql-0.19.0
- completed:
    hackage: morpheus-graphql-app-0.19.0@sha256:7e6cc3e5e34e91670637d59e0fbe500bce579a7cd574a3346a826758aac57c07,6777
    pantry-tree:
      size: 7666
      sha256: f6990963cc5052d9caa90f230c848fa7c2e2848b7614b333d39bab58fc601ebc
  original:
    hackage: morpheus-graphql-app-0.19.0
- completed:
    hackage: morpheus-graphql-core-0.19.0@sha256:6c2ba41f68d5aebf35b55ade4bddaccc318ec0d8b2945893dbc71d7776112d79,13798
    pantry-tree:
      size: 19197
      sha256: 5621fd37dc71dcfdee8904dbc9270895eef6dfede4d8d78452f351ea9c4de88d
  original:
    hackage: morpheus-graphql-core-0.19.0
- completed:
    hackage: morpheus-graphql-code-gen-0.19.2@sha256:db382e183a69d1f339de52429deee846ac7cef9b8a4c97eb1db7d087875b41e6,2307
    pantry-tree:
      size: 1096
      sha256: edc2b06494906821fcc485ab4304e0be00547abf126ffe8e19267495207bd9d7
  original:
    hackage: morpheus-graphql-code-gen-0.19.2
snapshots:
- completed:
    size: 590100
    url: https://raw.githubusercontent.com/commercialhaskell/stackage-snapshots/master/lts/18/28.yaml
    sha256: 428ec8d5ce932190d3cbe266b9eb3c175cd81e984babf876b64019e2cbe4ea68
  original: lts-18.28
